
Microsoft Visual Studio Solution File, Format Version 12.00
# Visual Studio 2013
VisualStudioVersion = 12.0.31101.0
MinimumVisualStudioVersion = 10.0.40219.1
Project("{2150E333-8FDC-42A3-9474-1A3956D46DE8}") = "MVC", "MVC", "{1FF0AAA4-F703-40DC-8A63-6C8210C47B48}"
EndProject
Project("{2150E333-8FDC-42A3-9474-1A3956D46DE8}") = "Web Forms", "Web Forms", "{7A1F15D5-2EBC-4409-869B-EECDE80EF13E}"
EndProject
Project("{FAE04EC0-301F-11D3-BF4B-00C04F79EFBC}") = "UrlsAndRoutes", "UrlsAndRoutes\UrlsAndRoutes.csproj", "{43D1C858-D43C-4E6F-A11F-FBAF8D5636ED}"
EndProject
Project("{FAE04EC0-301F-11D3-BF4B-00C04F79EFBC}") = "UrlsAndRoutes.Tests", "UrlsAndRoutes.Tests\UrlsAndRoutes.Tests.csproj", "{CB54DF47-0681-416E-9125-A7E30D35F89A}"
EndProject
Project("{2150E333-8FDC-42A3-9474-1A3956D46DE8}") = "Routing", "Routing", "{3B63B555-F980-496F-8E9B-C86138C1C7E2}"
EndProject
Project("{2150E333-8FDC-42A3-9474-1A3956D46DE8}") = "Testing", "Testing", "{6924DE88-48C1-494C-9AED-7DF51838DC3B}"
EndProject
Project("{FAE04EC0-301F-11D3-BF4B-00C04F79EFBC}") = "UrlsAndRoutesAdvanced", "UrlsAndRoutesAdvanced\UrlsAndRoutesAdvanced.csproj", "{AAEE03CC-DAA2-4343-B9F4-429A1FFE8CAD}"
EndProject
Project("{FAE04EC0-301F-11D3-BF4B-00C04F79EFBC}") = "UrlsAndRoutesAdvanced.Tests", "UrlsAndRoutesAdvanced.Tests\UrlsAndRoutesAdvanced.Tests.csproj", "{93E79014-E7EC-4E15-95A6-BFAC35060491}"
EndProject
Project("{FAE04EC0-301F-11D3-BF4B-00C04F79EFBC}") = "Areas", "Areas\Areas.csproj", "{CBD2AE37-CC4C-43BD-B021-258681A029F0}"
EndProject
Project("{FAE04EC0-301F-11D3-BF4B-00C04F79EFBC}") = "Areas.Tests", "Areas.Tests\Areas.Tests.csproj", "{67343EF4-5A4F-4F40-8722-286E04F06DA2}"
EndProject
Project("{2150E333-8FDC-42A3-9474-1A3956D46DE8}") = "Controllers and Actions", "Controllers and Actions", "{BEE7B169-86B3-4674-BA2D-5AB25B85079B}"
EndProject
Project("{FAE04EC0-301F-11D3-BF4B-00C04F79EFBC}") = "ControllersAndActions", "ControllersAndActions\ControllersAndActions.csproj", "{78CFEF24-E167-478C-BEDE-03E17FEF87F7}"
EndProject
Project("{FAE04EC0-301F-11D3-BF4B-00C04F79EFBC}") = "ControllersAndActions.Tests", "ControllersAndActions.Tests\ControllersAndActions.Tests.csproj", "{5076C3FD-3642-4658-98BC-D1D2AFA80BA1}"
EndProject
Project("{2150E333-8FDC-42A3-9474-1A3956D46DE8}") = "Testing", "Testing", "{CB7F9F35-D60C-4D7E-89EE-F82AE1CDE47D}"
EndProject
Project("{2150E333-8FDC-42A3-9474-1A3956D46DE8}") = "Filters", "Filters", "{F92BE471-1703-452C-9EB6-017E97EC1833}"
EndProject
Project("{FAE04EC0-301F-11D3-BF4B-00C04F79EFBC}") = "Filters", "Filters\Filters.csproj", "{BB26391F-DFC8-4E8F-9A2A-1394F9883330}"
EndProject
Project("{2150E333-8FDC-42A3-9474-1A3956D46DE8}") = "Controller Extensibility", "Controller Extensibility", "{EB990527-72C3-4E61-80CB-EB1148C2C3BB}"
EndProject
Project("{FAE04EC0-301F-11D3-BF4B-00C04F79EFBC}") = "ControllerExtensibility", "ControllerExtensibility\ControllerExtensibility.csproj", "{9CC6A727-5363-48A4-A9D9-600981076234}"
EndProject
Global
	GlobalSection(SolutionConfigurationPlatforms) = preSolution
		Debug|Any CPU = Debug|Any CPU
		Release Pro|Any CPU = Release Pro|Any CPU
		Release|Any CPU = Release|Any CPU
	EndGlobalSection
	GlobalSection(ProjectConfigurationPlatforms) = postSolution
		{43D1C858-D43C-4E6F-A11F-FBAF8D5636ED}.Debug|Any CPU.ActiveCfg = Debug|Any CPU
		{43D1C858-D43C-4E6F-A11F-FBAF8D5636ED}.Debug|Any CPU.Build.0 = Debug|Any CPU
		{43D1C858-D43C-4E6F-A11F-FBAF8D5636ED}.Release Pro|Any CPU.ActiveCfg = Release|Any CPU
		{43D1C858-D43C-4E6F-A11F-FBAF8D5636ED}.Release|Any CPU.ActiveCfg = Release|Any CPU
		{43D1C858-D43C-4E6F-A11F-FBAF8D5636ED}.Release|Any CPU.Build.0 = Release|Any CPU
		{CB54DF47-0681-416E-9125-A7E30D35F89A}.Debug|Any CPU.ActiveCfg = Debug|Any CPU
		{CB54DF47-0681-416E-9125-A7E30D35F89A}.Debug|Any CPU.Build.0 = Debug|Any CPU
		{CB54DF47-0681-416E-9125-A7E30D35F89A}.Release Pro|Any CPU.ActiveCfg = Release|Any CPU
		{CB54DF47-0681-416E-9125-A7E30D35F89A}.Release|Any CPU.ActiveCfg = Release|Any CPU
		{CB54DF47-0681-416E-9125-A7E30D35F89A}.Release|Any CPU.Build.0 = Release|Any CPU
		{AAEE03CC-DAA2-4343-B9F4-429A1FFE8CAD}.Debug|Any CPU.ActiveCfg = Debug|Any CPU
		{AAEE03CC-DAA2-4343-B9F4-429A1FFE8CAD}.Debug|Any CPU.Build.0 = Debug|Any CPU
		{AAEE03CC-DAA2-4343-B9F4-429A1FFE8CAD}.Release Pro|Any CPU.ActiveCfg = Release|Any CPU
		{AAEE03CC-DAA2-4343-B9F4-429A1FFE8CAD}.Release|Any CPU.ActiveCfg = Release|Any CPU
		{AAEE03CC-DAA2-4343-B9F4-429A1FFE8CAD}.Release|Any CPU.Build.0 = Release|Any CPU
		{93E79014-E7EC-4E15-95A6-BFAC35060491}.Debug|Any CPU.ActiveCfg = Debug|Any CPU
		{93E79014-E7EC-4E15-95A6-BFAC35060491}.Debug|Any CPU.Build.0 = Debug|Any CPU
		{93E79014-E7EC-4E15-95A6-BFAC35060491}.Release Pro|Any CPU.ActiveCfg = Release|Any CPU
		{93E79014-E7EC-4E15-95A6-BFAC35060491}.Release|Any CPU.ActiveCfg = Release|Any CPU
		{93E79014-E7EC-4E15-95A6-BFAC35060491}.Release|Any CPU.Build.0 = Release|Any CPU
		{CBD2AE37-CC4C-43BD-B021-258681A029F0}.Debug|Any CPU.ActiveCfg = Debug|Any CPU
		{CBD2AE37-CC4C-43BD-B021-258681A029F0}.Debug|Any CPU.Build.0 = Debug|Any CPU
		{CBD2AE37-CC4C-43BD-B021-258681A029F0}.Release Pro|Any CPU.ActiveCfg = Release|Any CPU
		{CBD2AE37-CC4C-43BD-B021-258681A029F0}.Release|Any CPU.ActiveCfg = Release|Any CPU
		{CBD2AE37-CC4C-43BD-B021-258681A029F0}.Release|Any CPU.Build.0 = Release|Any CPU
		{67343EF4-5A4F-4F40-8722-286E04F06DA2}.Debug|Any CPU.ActiveCfg = Debug|Any CPU
		{67343EF4-5A4F-4F40-8722-286E04F06DA2}.Debug|Any CPU.Build.0 = Debug|Any CPU
		{67343EF4-5A4F-4F40-8722-286E04F06DA2}.Release Pro|Any CPU.ActiveCfg = Release|Any CPU
		{67343EF4-5A4F-4F40-8722-286E04F06DA2}.Release|Any CPU.ActiveCfg = Release|Any CPU
		{67343EF4-5A4F-4F40-8722-286E04F06DA2}.Release|Any CPU.Build.0 = Release|Any CPU
		{78CFEF24-E167-478C-BEDE-03E17FEF87F7}.Debug|Any CPU.ActiveCfg = Debug|Any CPU
		{78CFEF24-E167-478C-BEDE-03E17FEF87F7}.Debug|Any CPU.Build.0 = Debug|Any CPU
		{78CFEF24-E167-478C-BEDE-03E17FEF87F7}.Release Pro|Any CPU.ActiveCfg = Release|Any CPU
		{78CFEF24-E167-478C-BEDE-03E17FEF87F7}.Release|Any CPU.ActiveCfg = Release|Any CPU
		{78CFEF24-E167-478C-BEDE-03E17FEF87F7}.Release|Any CPU.Build.0 = Release|Any CPU
		{5076C3FD-3642-4658-98BC-D1D2AFA80BA1}.Debug|Any CPU.ActiveCfg = Debug|Any CPU
		{5076C3FD-3642-4658-98BC-D1D2AFA80BA1}.Debug|Any CPU.Build.0 = Debug|Any CPU
		{5076C3FD-3642-4658-98BC-D1D2AFA80BA1}.Release Pro|Any CPU.ActiveCfg = Release|Any CPU
		{5076C3FD-3642-4658-98BC-D1D2AFA80BA1}.Release|Any CPU.ActiveCfg = Release|Any CPU
		{5076C3FD-3642-4658-98BC-D1D2AFA80BA1}.Release|Any CPU.Build.0 = Release|Any CPU
		{BB26391F-DFC8-4E8F-9A2A-1394F9883330}.Debug|Any CPU.ActiveCfg = Debug|Any CPU
		{BB26391F-DFC8-4E8F-9A2A-1394F9883330}.Debug|Any CPU.Build.0 = Debug|Any CPU
		{BB26391F-DFC8-4E8F-9A2A-1394F9883330}.Release Pro|Any CPU.ActiveCfg = Release|Any CPU
		{BB26391F-DFC8-4E8F-9A2A-1394F9883330}.Release Pro|Any CPU.Build.0 = Release|Any CPU
		{BB26391F-DFC8-4E8F-9A2A-1394F9883330}.Release|Any CPU.ActiveCfg = Release|Any CPU
		{BB26391F-DFC8-4E8F-9A2A-1394F9883330}.Release|Any CPU.Build.0 = Release|Any CPU
		{9CC6A727-5363-48A4-A9D9-600981076234}.Debug|Any CPU.ActiveCfg = Debug|Any CPU
		{9CC6A727-5363-48A4-A9D9-600981076234}.Debug|Any CPU.Build.0 = Debug|Any CPU
		{9CC6A727-5363-48A4-A9D9-600981076234}.Release Pro|Any CPU.ActiveCfg = Release|Any CPU
		{9CC6A727-5363-48A4-A9D9-600981076234}.Release Pro|Any CPU.Build.0 = Release|Any CPU
		{9CC6A727-5363-48A4-A9D9-600981076234}.Release|Any CPU.ActiveCfg = Release|Any CPU
		{9CC6A727-5363-48A4-A9D9-600981076234}.Release|Any CPU.Build.0 = Release|Any CPU
	EndGlobalSection
	GlobalSection(SolutionProperties) = preSolution
		HideSolutionNode = FALSE
	EndGlobalSection
	GlobalSection(NestedProjects) = preSolution
		{43D1C858-D43C-4E6F-A11F-FBAF8D5636ED} = {3B63B555-F980-496F-8E9B-C86138C1C7E2}
		{CB54DF47-0681-416E-9125-A7E30D35F89A} = {6924DE88-48C1-494C-9AED-7DF51838DC3B}
		{3B63B555-F980-496F-8E9B-C86138C1C7E2} = {1FF0AAA4-F703-40DC-8A63-6C8210C47B48}
		{6924DE88-48C1-494C-9AED-7DF51838DC3B} = {3B63B555-F980-496F-8E9B-C86138C1C7E2}
		{AAEE03CC-DAA2-4343-B9F4-429A1FFE8CAD} = {3B63B555-F980-496F-8E9B-C86138C1C7E2}
		{93E79014-E7EC-4E15-95A6-BFAC35060491} = {6924DE88-48C1-494C-9AED-7DF51838DC3B}
		{CBD2AE37-CC4C-43BD-B021-258681A029F0} = {3B63B555-F980-496F-8E9B-C86138C1C7E2}
		{67343EF4-5A4F-4F40-8722-286E04F06DA2} = {6924DE88-48C1-494C-9AED-7DF51838DC3B}
		{BEE7B169-86B3-4674-BA2D-5AB25B85079B} = {1FF0AAA4-F703-40DC-8A63-6C8210C47B48}
		{78CFEF24-E167-478C-BEDE-03E17FEF87F7} = {BEE7B169-86B3-4674-BA2D-5AB25B85079B}
		{5076C3FD-3642-4658-98BC-D1D2AFA80BA1} = {CB7F9F35-D60C-4D7E-89EE-F82AE1CDE47D}
		{CB7F9F35-D60C-4D7E-89EE-F82AE1CDE47D} = {BEE7B169-86B3-4674-BA2D-5AB25B85079B}
		{F92BE471-1703-452C-9EB6-017E97EC1833} = {1FF0AAA4-F703-40DC-8A63-6C8210C47B48}
		{BB26391F-DFC8-4E8F-9A2A-1394F9883330} = {F92BE471-1703-452C-9EB6-017E97EC1833}
		{EB990527-72C3-4E61-80CB-EB1148C2C3BB} = {1FF0AAA4-F703-40DC-8A63-6C8210C47B48}
		{9CC6A727-5363-48A4-A9D9-600981076234} = {EB990527-72C3-4E61-80CB-EB1148C2C3BB}
	EndGlobalSection
EndGlobal
